
Microsoft Visual Studio Solution File, Format Version 12.00
# Visual Studio Version 17
VisualStudioVersion = 17.5.002.0
MinimumVisualStudioVersion = 10.0.40219.1
Project("{2150E333-8FDC-42A3-9474-1A3956D46DE8}") = "读书系列", "读书系列", "{76DB826A-6520-45BC-9E5B-B8CFDBFE1961}"
EndProject
Project("{2150E333-8FDC-42A3-9474-1A3956D46DE8}") = "c#入门经典", "c#入门经典", "{F5BDBF36-44C3-48F2-9199-847BA78E61AA}"
EndProject
Project("{9A19103F-16F7-4668-BE54-9A1E7A4F7556}") = "Learn", "读书系列\c#入门经典\Learn\Learn.csproj", "{28746CC1-F31D-4D5C-B2B2-5B34A0BAEAC7}"
EndProject
Global
	GlobalSection(SolutionConfigurationPlatforms) = preSolution
		Debug|Any CPU = Debug|Any CPU
		Release|Any CPU = Release|Any CPU
	EndGlobalSection
	GlobalSection(ProjectConfigurationPlatforms) = postSolution
		{28746CC1-F31D-4D5C-B2B2-5B34A0BAEAC7}.Debug|Any CPU.ActiveCfg = Debug|Any CPU
		{28746CC1-F31D-4D5C-B2B2-5B34A0BAEAC7}.Debug|Any CPU.Build.0 = Debug|Any CPU
		{28746CC1-F31D-4D5C-B2B2-5B34A0BAEAC7}.Release|Any CPU.ActiveCfg = Release|Any CPU
		{28746CC1-F31D-4D5C-B2B2-5B34A0BAEAC7}.Release|Any CPU.Build.0 = Release|Any CPU
	EndGlobalSection
	GlobalSection(SolutionProperties) = preSolution
		HideSolutionNode = FALSE
	EndGlobalSection
	GlobalSection(NestedProjects) = preSolution
		{F5BDBF36-44C3-48F2-9199-847BA78E61AA} = {76DB826A-6520-45BC-9E5B-B8CFDBFE1961}
		{28746CC1-F31D-4D5C-B2B2-5B34A0BAEAC7} = {F5BDBF36-44C3-48F2-9199-847BA78E61AA}
	EndGlobalSection
	GlobalSection(ExtensibilityGlobals) = postSolution
		SolutionGuid = {A60FE7F8-DF5D-4718-A0AE-BBA7F146C94A}
	EndGlobalSection
EndGlobal
