lockfileVersion: '6.0'

settings:
  autoInstallPeers: true
  excludeLinksFromLockfile: false

devDependencies:
  assemblyscript:
    specifier: ^0.28.2
    version: 0.28.2

packages:

  /assemblyscript@0.28.2:
    resolution: {integrity: sha512-0j6kQdfKqRgmkY9zIzpFVcsLW8lMZ61pIZmmXJNiJeN2rvaHCCBSzHOoFNBh2jlvQNijY2/uxuufnSQma8HmFQ==}
    engines: {node: '>=20', npm: '>=10'}
    hasBin: true
    dependencies:
      binaryen: 123.0.0-nightly.20250530
      long: 5.3.2
    dev: true

  /binaryen@123.0.0-nightly.20250530:
    resolution: {integrity: sha512-d1zPHBN5YlOd3Ff+OUxvVExuFeh8heSnqe+X3bjItFxGLvn4VGBKmrvv7pgy/cRhrIUGuPW138iaWfDhwjyDqg==}
    hasBin: true
    dev: true

  /long@5.3.2:
    resolution: {integrity: sha512-mNAgZ1GmyNhD7AuqnTG3/VQ26o760+ZYBPKjPvugO8+nLbYfX6TVpJPseBvopbdY+qpZ/lKUnmEc1LeZYS3QAA==}
    dev: true
