{
  "name": "mocha",
  "version": "1.0.0",
  "lockfileVersion": 1,
  "requires": true,
  "dependencies": {
    "assertion-error": {
      "version": "1.1.0",
      "resolved": "https://registry.npm.taobao.org/assertion-error/download/assertion-error-1.1.0.tgz",
      "integrity": "sha1-5gtrDo8wG9l+U3UhW9pAbIURjAs="
    },
    "chai": {
      "version": "4.3.3",
      "resolved": "https://registry.npm.taobao.org/chai/download/chai-4.3.3.tgz",
      "integrity": "sha1-8rKtlzaZnQen/5XPHnCGxDp29y0=",
      "requires": {
        "assertion-error": "^1.1.0",
        "check-error": "^1.0.2",
        "deep-eql": "^3.0.1",
        "get-func-name": "^2.0.0",
        "pathval": "^1.1.1",
        "type-detect": "^4.0.5"
      }
    },
    "check-error": {
      "version": "1.0.2",
      "resolved": "https://registry.npm.taobao.org/check-error/download/check-error-1.0.2.tgz",
      "integrity": "sha1-V00xLt2Iu13YkS6Sht1sCu1KrII="
    },
    "deep-eql": {
      "version": "3.0.1",
      "resolved": "https://registry.npm.taobao.org/deep-eql/download/deep-eql-3.0.1.tgz",
      "integrity": "sha1-38lARACtHI/gI+faHfHBR8S0RN8=",
      "requires": {
        "type-detect": "^4.0.0"
      }
    },
    "get-func-name": {
      "version": "2.0.0",
      "resolved": "https://registry.npm.taobao.org/get-func-name/download/get-func-name-2.0.0.tgz",
      "integrity": "sha1-6td0q+5y4gQJQzoGY2YCPdaIekE="
    },
    "macha": {
      "version": "0.0.0",
      "resolved": "https://registry.npm.taobao.org/macha/download/macha-0.0.0.tgz",
      "integrity": "sha1-Kt+SavGFO9HTxlsP7KgjbLIqE2U="
    },
    "pathval": {
      "version": "1.1.1",
      "resolved": "https://registry.npm.taobao.org/pathval/download/pathval-1.1.1.tgz?cache=0&sync_timestamp=1611662272446&other_urls=https%3A%2F%2Fregistry.npm.taobao.org%2Fpathval%2Fdownload%2Fpathval-1.1.1.tgz",
      "integrity": "sha1-hTTnenfOesWiUS6iHg/bj89sPY0="
    },
    "type-detect": {
      "version": "4.0.8",
      "resolved": "https://registry.npm.taobao.org/type-detect/download/type-detect-4.0.8.tgz",
      "integrity": "sha1-dkb7XxiHHPu3dJ5pvTmmOI63RQw="
    }
  }
}
